
Microsoft Visual Studio Solution File, Format Version 9.00
# Visual Studio 2005
Project("{FAE04EC0-301F-11D3-BF4B-00C04F79EFBC}") = "DinsTestApp", "DinsTestApp\DinsTestApp.csproj", "{FE189FCB-3250-416B-915F-422EEED2425D}"
EndProject
Global
	GlobalSection(SolutionConfigurationPlatforms) = preSolution
		Debug|Any CPU = Debug|Any CPU
		Release|Any CPU = Release|Any CPU
	EndGlobalSection
	GlobalSection(ProjectConfigurationPlatforms) = postSolution
		{FE189FCB-3250-416B-915F-422EEED2425D}.Debug|Any CPU.ActiveCfg = Debug|Any CPU
		{FE189FCB-3250-416B-915F-422EEED2425D}.Debug|Any CPU.Build.0 = Debug|Any CPU
		{FE189FCB-3250-416B-915F-422EEED2425D}.Release|Any CPU.ActiveCfg = Release|Any CPU
		{FE189FCB-3250-416B-915F-422EEED2425D}.Release|Any CPU.Build.0 = Release|Any CPU
	EndGlobalSection
	GlobalSection(SolutionProperties) = preSolution
		HideSolutionNode = FALSE
	EndGlobalSection
EndGlobal
